
Microsoft Visual Studio Solution File, Format Version 12.00
# Visual Studio Version 17
VisualStudioVersion = 17.8.34316.72
MinimumVisualStudioVersion = 10.0.40219.1
Project("{FAE04EC0-301F-11D3-BF4B-00C04F79EFBC}") = "AS2324.riccardo.fucci.3g.eslab", "AS2324.riccardo.fucci.3g.eslab.csproj", "{7BE95764-E2B6-45C8-83C3-587E6878DA3A}"
EndProject
Global
	GlobalSection(SolutionConfigurationPlatforms) = preSolution
		Debug|Any CPU = Debug|Any CPU
		Release|Any CPU = Release|Any CPU
	EndGlobalSection
	GlobalSection(ProjectConfigurationPlatforms) = postSolution
		{7BE95764-E2B6-45C8-83C3-587E6878DA3A}.Debug|Any CPU.ActiveCfg = Debug|Any CPU
		{7BE95764-E2B6-45C8-83C3-587E6878DA3A}.Debug|Any CPU.Build.0 = Debug|Any CPU
		{7BE95764-E2B6-45C8-83C3-587E6878DA3A}.Release|Any CPU.ActiveCfg = Release|Any CPU
		{7BE95764-E2B6-45C8-83C3-587E6878DA3A}.Release|Any CPU.Build.0 = Release|Any CPU
	EndGlobalSection
	GlobalSection(SolutionProperties) = preSolution
		HideSolutionNode = FALSE
	EndGlobalSection
	GlobalSection(ExtensibilityGlobals) = postSolution
		SolutionGuid = {AA0638BE-1EA3-49F6-BF9E-761FE41CD620}
	EndGlobalSection
EndGlobal
